
Microsoft Visual Studio Solution File, Format Version 12.00
# Visual Studio Version 16
VisualStudioVersion = 16.0.32630.194
MinimumVisualStudioVersion = 10.0.40219.1
Project("{9A19103F-16F7-4668-BE54-9A1E7A4F7556}") = "Core_Proje", "Core_Proje\Core_Proje.csproj", "{1A3443C1-BC79-4518-AD22-59328B809455}"
EndProject
Project("{9A19103F-16F7-4668-BE54-9A1E7A4F7556}") = "BusinessLayer", "BusinessLayer\BusinessLayer.csproj", "{92F2CEE0-10D4-4BBE-BD63-CF3905017F4B}"
EndProject
Project("{9A19103F-16F7-4668-BE54-9A1E7A4F7556}") = "DataAccessLayer", "DataAccessLayer\DataAccessLayer.csproj", "{10DC7E4F-EC10-4CEC-B02D-CF9CB7F6AB0B}"
EndProject
Project("{9A19103F-16F7-4668-BE54-9A1E7A4F7556}") = "EntityLayer", "EntityLayer\EntityLayer.csproj", "{424F5A82-F974-4248-B1FC-3684E1E5A701}"
EndProject
Project("{FAE04EC0-301F-11D3-BF4B-00C04F79EFBC}") = "Core_Proje_Api", "Core_Proje_Api\Core_Proje_Api.csproj", "{98B61FF3-D2E4-4837-ACE3-5C4EAE9AA5FE}"
EndProject
Global
	GlobalSection(SolutionConfigurationPlatforms) = preSolution
		Debug|Any CPU = Debug|Any CPU
		Release|Any CPU = Release|Any CPU
	EndGlobalSection
	GlobalSection(ProjectConfigurationPlatforms) = postSolution
		{1A3443C1-BC79-4518-AD22-59328B809455}.Debug|Any CPU.ActiveCfg = Debug|Any CPU
		{1A3443C1-BC79-4518-AD22-59328B809455}.Debug|Any CPU.Build.0 = Debug|Any CPU
		{1A3443C1-BC79-4518-AD22-59328B809455}.Release|Any CPU.ActiveCfg = Release|Any CPU
		{1A3443C1-BC79-4518-AD22-59328B809455}.Release|Any CPU.Build.0 = Release|Any CPU
		{92F2CEE0-10D4-4BBE-BD63-CF3905017F4B}.Debug|Any CPU.ActiveCfg = Debug|Any CPU
		{92F2CEE0-10D4-4BBE-BD63-CF3905017F4B}.Debug|Any CPU.Build.0 = Debug|Any CPU
		{92F2CEE0-10D4-4BBE-BD63-CF3905017F4B}.Release|Any CPU.ActiveCfg = Release|Any CPU
		{92F2CEE0-10D4-4BBE-BD63-CF3905017F4B}.Release|Any CPU.Build.0 = Release|Any CPU
		{10DC7E4F-EC10-4CEC-B02D-CF9CB7F6AB0B}.Debug|Any CPU.ActiveCfg = Debug|Any CPU
		{10DC7E4F-EC10-4CEC-B02D-CF9CB7F6AB0B}.Debug|Any CPU.Build.0 = Debug|Any CPU
		{10DC7E4F-EC10-4CEC-B02D-CF9CB7F6AB0B}.Release|Any CPU.ActiveCfg = Release|Any CPU
		{10DC7E4F-EC10-4CEC-B02D-CF9CB7F6AB0B}.Release|Any CPU.Build.0 = Release|Any CPU
		{424F5A82-F974-4248-B1FC-3684E1E5A701}.Debug|Any CPU.ActiveCfg = Debug|Any CPU
		{424F5A82-F974-4248-B1FC-3684E1E5A701}.Debug|Any CPU.Build.0 = Debug|Any CPU
		{424F5A82-F974-4248-B1FC-3684E1E5A701}.Release|Any CPU.ActiveCfg = Release|Any CPU
		{424F5A82-F974-4248-B1FC-3684E1E5A701}.Release|Any CPU.Build.0 = Release|Any CPU
		{98B61FF3-D2E4-4837-ACE3-5C4EAE9AA5FE}.Debug|Any CPU.ActiveCfg = Debug|Any CPU
		{98B61FF3-D2E4-4837-ACE3-5C4EAE9AA5FE}.Debug|Any CPU.Build.0 = Debug|Any CPU
		{98B61FF3-D2E4-4837-ACE3-5C4EAE9AA5FE}.Release|Any CPU.ActiveCfg = Release|Any CPU
		{98B61FF3-D2E4-4837-ACE3-5C4EAE9AA5FE}.Release|Any CPU.Build.0 = Release|Any CPU
	EndGlobalSection
	GlobalSection(SolutionProperties) = preSolution
		HideSolutionNode = FALSE
	EndGlobalSection
	GlobalSection(ExtensibilityGlobals) = postSolution
		SolutionGuid = {FDEA9D45-FF2A-4255-B633-8E75DC38F8EC}
	EndGlobalSection
EndGlobal
